{
  "version": 4,
  "terraform_version": "1.3.7",
  "serial": 10,
  "lineage": "41f558fb-02b3-b7ae-08ef-dfb88be54075",
  "outputs": {},
  "resources": [
    {
      "module": "module.compute",
      "mode": "managed",
      "type": "azurerm_network_interface",
      "name": "nic",
      "provider": "provider[\"registry.terraform.io/hashicorp/azurerm\"]",
      "instances": [
        {
          "schema_version": 0,
          "attributes": {
            "accelerated_networking_enabled": false,
            "applied_dns_servers": [],
            "auxiliary_mode": "",
            "auxiliary_sku": "",
            "dns_servers": null,
            "edge_zone": "",
            "id": "/subscriptions/0cfe2870-d256-4119-b0a3-16293ac11bdc/resourceGroups/1-b0da6520-playground-sandbox/providers/Microsoft.Network/networkInterfaces/NIC1",
            "internal_dns_name_label": "",
            "internal_domain_name_suffix": "bel4koxt5uaufhnzblzpp1uo1b.bx.internal.cloudapp.net",
            "ip_configuration": [
              {
                "gateway_load_balancer_frontend_ip_configuration_id": "",
                "name": "internal",
                "primary": true,
                "private_ip_address": "10.0.1.4",
                "private_ip_address_allocation": "Dynamic",
                "private_ip_address_version": "IPv4",
                "public_ip_address_id": "",
                "subnet_id": "/subscriptions/0cfe2870-d256-4119-b0a3-16293ac11bdc/resourceGroups/1-b0da6520-playground-sandbox/providers/Microsoft.Network/virtualNetworks/Vnet1/subnets/public"
              }
            ],
            "ip_forwarding_enabled": false,
            "location": "eastus",
            "mac_address": "",
            "name": "NIC1",
            "private_ip_address": "10.0.1.4",
            "private_ip_addresses": [
              "10.0.1.4"
            ],
            "resource_group_name": "1-b0da6520-playground-sandbox",
            "tags": null,
            "timeouts": null,
            "virtual_machine_id": ""
          },
          "sensitive_attributes": [],
          "private": "eyJlMmJmYjczMC1lY2FhLTExZTYtOGY4OC0zNDM2M2JjN2M0YzAiOnsiY3JlYXRlIjoxODAwMDAwMDAwMDAwLCJkZWxldGUiOjE4MDAwMDAwMDAwMDAsInJlYWQiOjMwMDAwMDAwMDAwMCwidXBkYXRlIjoxODAwMDAwMDAwMDAwfX0=",
          "dependencies": [
            "module.networks.azurerm_subnet.public",
            "module.networks.azurerm_virtual_network.vnet"
          ]
        }
      ]
    },
    {
      "module": "module.compute",
      "mode": "managed",
      "type": "random_password",
      "name": "vm_password",
      "provider": "provider[\"registry.terraform.io/hashicorp/random\"]",
      "instances": [
        {
          "schema_version": 3,
          "attributes": {
            "bcrypt_hash": "$2a$10$IGGe/W09ird2DC4YWn.Dd.DlblsrnXC8SPR2AvjNDTeL/tVyfGrdS",
            "id": "none",
            "keepers": null,
            "length": 20,
            "lower": true,
            "min_lower": 0,
            "min_numeric": 0,
            "min_special": 0,
            "min_upper": 0,
            "number": true,
            "numeric": true,
            "override_special": null,
            "result": "?38J%qQ:5:D$w*J}w%la",
            "special": true,
            "upper": true
          },
          "sensitive_attributes": []
        }
      ]
    },
    {
      "module": "module.networks",
      "mode": "managed",
      "type": "azurerm_subnet",
      "name": "private",
      "provider": "provider[\"registry.terraform.io/hashicorp/azurerm\"]",
      "instances": [
        {
          "schema_version": 0,
          "attributes": {
            "address_prefixes": [
              "10.0.2.0/24"
            ],
            "default_outbound_access_enabled": true,
            "delegation": [],
            "id": "/subscriptions/0cfe2870-d256-4119-b0a3-16293ac11bdc/resourceGroups/1-b0da6520-playground-sandbox/providers/Microsoft.Network/virtualNetworks/Vnet1/subnets/private",
            "ip_address_pool": [],
            "name": "private",
            "private_endpoint_network_policies": "Disabled",
            "private_link_service_network_policies_enabled": true,
            "resource_group_name": "1-b0da6520-playground-sandbox",
            "service_endpoint_policy_ids": null,
            "service_endpoints": null,
            "sharing_scope": "",
            "timeouts": null,
            "virtual_network_name": "Vnet1"
          },
          "sensitive_attributes": [],
          "private": "eyJlMmJmYjczMC1lY2FhLTExZTYtOGY4OC0zNDM2M2JjN2M0YzAiOnsiY3JlYXRlIjoxODAwMDAwMDAwMDAwLCJkZWxldGUiOjE4MDAwMDAwMDAwMDAsInJlYWQiOjMwMDAwMDAwMDAwMCwidXBkYXRlIjoxODAwMDAwMDAwMDAwfX0=",
          "dependencies": [
            "module.networks.azurerm_virtual_network.vnet"
          ]
        }
      ]
    },
    {
      "module": "module.networks",
      "mode": "managed",
      "type": "azurerm_subnet",
      "name": "public",
      "provider": "provider[\"registry.terraform.io/hashicorp/azurerm\"]",
      "instances": [
        {
          "schema_version": 0,
          "attributes": {
            "address_prefixes": [
              "10.0.1.0/24"
            ],
            "default_outbound_access_enabled": true,
            "delegation": [],
            "id": "/subscriptions/0cfe2870-d256-4119-b0a3-16293ac11bdc/resourceGroups/1-b0da6520-playground-sandbox/providers/Microsoft.Network/virtualNetworks/Vnet1/subnets/public",
            "ip_address_pool": [],
            "name": "public",
            "private_endpoint_network_policies": "Disabled",
            "private_link_service_network_policies_enabled": true,
            "resource_group_name": "1-b0da6520-playground-sandbox",
            "service_endpoint_policy_ids": null,
            "service_endpoints": null,
            "sharing_scope": "",
            "timeouts": null,
            "virtual_network_name": "Vnet1"
          },
          "sensitive_attributes": [],
          "private": "eyJlMmJmYjczMC1lY2FhLTExZTYtOGY4OC0zNDM2M2JjN2M0YzAiOnsiY3JlYXRlIjoxODAwMDAwMDAwMDAwLCJkZWxldGUiOjE4MDAwMDAwMDAwMDAsInJlYWQiOjMwMDAwMDAwMDAwMCwidXBkYXRlIjoxODAwMDAwMDAwMDAwfX0=",
          "dependencies": [
            "module.networks.azurerm_virtual_network.vnet"
          ]
        }
      ]
    },
    {
      "module": "module.networks",
      "mode": "managed",
      "type": "azurerm_subnet_network_security_group_association",
      "name": "nsg_link",
      "provider": "provider[\"registry.terraform.io/hashicorp/azurerm\"]",
      "instances": [
        {
          "schema_version": 0,
          "attributes": {
            "id": "/subscriptions/0cfe2870-d256-4119-b0a3-16293ac11bdc/resourceGroups/1-b0da6520-playground-sandbox/providers/Microsoft.Network/virtualNetworks/Vnet1/subnets/public",
            "network_security_group_id": "/subscriptions/0cfe2870-d256-4119-b0a3-16293ac11bdc/resourceGroups/1-b0da6520-playground-sandbox/providers/Microsoft.Network/networkSecurityGroups/nsg-1",
            "subnet_id": "/subscriptions/0cfe2870-d256-4119-b0a3-16293ac11bdc/resourceGroups/1-b0da6520-playground-sandbox/providers/Microsoft.Network/virtualNetworks/Vnet1/subnets/public",
            "timeouts": null
          },
          "sensitive_attributes": [],
          "private": "eyJlMmJmYjczMC1lY2FhLTExZTYtOGY4OC0zNDM2M2JjN2M0YzAiOnsiY3JlYXRlIjoxODAwMDAwMDAwMDAwLCJkZWxldGUiOjE4MDAwMDAwMDAwMDAsInJlYWQiOjMwMDAwMDAwMDAwMH19",
          "dependencies": [
            "module.networks.azurerm_subnet.public",
            "module.networks.azurerm_virtual_network.vnet",
            "module.security.azurerm_network_security_group.nsg"
          ]
        }
      ]
    },
    {
      "module": "module.networks",
      "mode": "managed",
      "type": "azurerm_virtual_network",
      "name": "vnet",
      "provider": "provider[\"registry.terraform.io/hashicorp/azurerm\"]",
      "instances": [
        {
          "schema_version": 0,
          "attributes": {
            "address_space": [
              "10.0.0.0/16"
            ],
            "bgp_community": "",
            "ddos_protection_plan": [],
            "dns_servers": [],
            "edge_zone": "",
            "encryption": [],
            "flow_timeout_in_minutes": 0,
            "guid": "3ae51709-fdf3-4201-9db9-0af2f7ee8ed9",
            "id": "/subscriptions/0cfe2870-d256-4119-b0a3-16293ac11bdc/resourceGroups/1-b0da6520-playground-sandbox/providers/Microsoft.Network/virtualNetworks/Vnet1",
            "ip_address_pool": [],
            "location": "eastus",
            "name": "Vnet1",
            "private_endpoint_vnet_policies": "Disabled",
            "resource_group_name": "1-b0da6520-playground-sandbox",
            "subnet": [],
            "tags": null,
            "timeouts": null
          },
          "sensitive_attributes": [],
          "private": "eyJlMmJmYjczMC1lY2FhLTExZTYtOGY4OC0zNDM2M2JjN2M0YzAiOnsiY3JlYXRlIjoxODAwMDAwMDAwMDAwLCJkZWxldGUiOjE4MDAwMDAwMDAwMDAsInJlYWQiOjMwMDAwMDAwMDAwMCwidXBkYXRlIjoxODAwMDAwMDAwMDAwfX0="
        }
      ]
    },
    {
      "module": "module.security",
      "mode": "data",
      "type": "azurerm_client_config",
      "name": "current",
      "provider": "provider[\"registry.terraform.io/hashicorp/azurerm\"]",
      "instances": [
        {
          "schema_version": 0,
          "attributes": {
            "client_id": "04b07795-8ddb-461a-bbee-02f9e1bf7b46",
            "id": "Y2xpZW50Q29uZmlncy9jbGllbnRJZD0wNGIwNzc5NS04ZGRiLTQ2MWEtYmJlZS0wMmY5ZTFiZjdiNDY7b2JqZWN0SWQ9NjVhOWU0ZWUtYjhjMS00ZDkzLTkwNTgtNDdiZTg5ZTY4YTM4O3N1YnNjcmlwdGlvbklkPTBjZmUyODcwLWQyNTYtNDExOS1iMGEzLTE2MjkzYWMxMWJkYzt0ZW5hbnRJZD04NGYxZTRlYS04NTU0LTQzZTEtODcwOS1mMGI4NTg5ZWExMTg=",
            "object_id": "65a9e4ee-b8c1-4d93-9058-47be89e68a38",
            "subscription_id": "0cfe2870-d256-4119-b0a3-16293ac11bdc",
            "tenant_id": "84f1e4ea-8554-43e1-8709-f0b8589ea118",
            "timeouts": null
          },
          "sensitive_attributes": []
        }
      ]
    },
    {
      "module": "module.security",
      "mode": "managed",
      "type": "azurerm_network_security_group",
      "name": "nsg",
      "provider": "provider[\"registry.terraform.io/hashicorp/azurerm\"]",
      "instances": [
        {
          "schema_version": 0,
          "attributes": {
            "id": "/subscriptions/0cfe2870-d256-4119-b0a3-16293ac11bdc/resourceGroups/1-b0da6520-playground-sandbox/providers/Microsoft.Network/networkSecurityGroups/nsg-1",
            "location": "eastus",
            "name": "nsg-1",
            "resource_group_name": "1-b0da6520-playground-sandbox",
            "security_rule": [],
            "tags": null,
            "timeouts": null
          },
          "sensitive_attributes": [],
          "private": "eyJlMmJmYjczMC1lY2FhLTExZTYtOGY4OC0zNDM2M2JjN2M0YzAiOnsiY3JlYXRlIjoxODAwMDAwMDAwMDAwLCJkZWxldGUiOjE4MDAwMDAwMDAwMDAsInJlYWQiOjMwMDAwMDAwMDAwMCwidXBkYXRlIjoxODAwMDAwMDAwMDAwfX0="
        }
      ]
    },
    {
      "module": "module.security",
      "mode": "managed",
      "type": "azurerm_network_security_rule",
      "name": "nsg_rule",
      "provider": "provider[\"registry.terraform.io/hashicorp/azurerm\"]",
      "instances": [
        {
          "schema_version": 0,
          "attributes": {
            "access": "Allow",
            "description": "",
            "destination_address_prefix": "*",
            "destination_address_prefixes": null,
            "destination_application_security_group_ids": null,
            "destination_port_range": "22",
            "destination_port_ranges": null,
            "direction": "Inbound",
            "id": "/subscriptions/0cfe2870-d256-4119-b0a3-16293ac11bdc/resourceGroups/1-b0da6520-playground-sandbox/providers/Microsoft.Network/networkSecurityGroups/nsg-1/securityRules/AllowSSH",
            "name": "AllowSSH",
            "network_security_group_name": "nsg-1",
            "priority": 1001,
            "protocol": "Tcp",
            "resource_group_name": "1-b0da6520-playground-sandbox",
            "source_address_prefix": "*",
            "source_address_prefixes": null,
            "source_application_security_group_ids": null,
            "source_port_range": "*",
            "source_port_ranges": null,
            "timeouts": null
          },
          "sensitive_attributes": [],
          "private": "eyJlMmJmYjczMC1lY2FhLTExZTYtOGY4OC0zNDM2M2JjN2M0YzAiOnsiY3JlYXRlIjoxODAwMDAwMDAwMDAwLCJkZWxldGUiOjE4MDAwMDAwMDAwMDAsInJlYWQiOjMwMDAwMDAwMDAwMCwidXBkYXRlIjoxODAwMDAwMDAwMDAwfX0=",
          "dependencies": [
            "module.security.azurerm_network_security_group.nsg"
          ]
        }
      ]
    }
  ],
  "check_results": null
}
